
Microsoft Visual Studio Solution File, Format Version 12.00
# Visual Studio Version 16
VisualStudioVersion = 16.0.30621.155
MinimumVisualStudioVersion = 10.0.40219.1
Project("{8BC9CEB8-8B4A-11D0-8D11-00A0C91BC942}") = "CIS170C-LAB2B", "CIS170C-LAB2B\CIS170C-LAB2B.vcxproj", "{DC75985D-44DD-4532-A20F-649D30B532AD}"
EndProject
Global
	GlobalSection(SolutionConfigurationPlatforms) = preSolution
		Debug|x64 = Debug|x64
		Debug|x86 = Debug|x86
		Release|x64 = Release|x64
		Release|x86 = Release|x86
	EndGlobalSection
	GlobalSection(ProjectConfigurationPlatforms) = postSolution
		{DC75985D-44DD-4532-A20F-649D30B532AD}.Debug|x64.ActiveCfg = Debug|x64
		{DC75985D-44DD-4532-A20F-649D30B532AD}.Debug|x64.Build.0 = Debug|x64
		{DC75985D-44DD-4532-A20F-649D30B532AD}.Debug|x86.ActiveCfg = Debug|Win32
		{DC75985D-44DD-4532-A20F-649D30B532AD}.Debug|x86.Build.0 = Debug|Win32
		{DC75985D-44DD-4532-A20F-649D30B532AD}.Release|x64.ActiveCfg = Release|x64
		{DC75985D-44DD-4532-A20F-649D30B532AD}.Release|x64.Build.0 = Release|x64
		{DC75985D-44DD-4532-A20F-649D30B532AD}.Release|x86.ActiveCfg = Release|Win32
		{DC75985D-44DD-4532-A20F-649D30B532AD}.Release|x86.Build.0 = Release|Win32
	EndGlobalSection
	GlobalSection(SolutionProperties) = preSolution
		HideSolutionNode = FALSE
	EndGlobalSection
	GlobalSection(ExtensibilityGlobals) = postSolution
		SolutionGuid = {09830EA1-060D-4CCE-9388-C8B449DE02E6}
	EndGlobalSection
EndGlobal
